{
  "nodes": {
    "flake-utils": {
      "locked": {
        "lastModified": 1656928814,
        "narHash": "sha256-RIFfgBuKz6Hp89yRr7+NR5tzIAbn52h8vT6vXkYjZoM=",
        "owner": "numtide",
        "repo": "flake-utils",
        "rev": "7e2a3b3dfd9af950a856d66b0a7d01e3c18aa249",
        "type": "github"
      },
      "original": {
        "owner": "numtide",
        "repo": "flake-utils",
        "type": "github"
      }
    },
    "nixpkgs": {
      "locked": {
        "lastModified": 1658737577,
        "narHash": "sha256-xosJ5nJT9HX+b6UWsSX6R+ap4AdZOCrl/r+IKFp2ASQ=",
        "owner": "NixOS",
        "repo": "nixpkgs",
        "rev": "5a0e0d73b944157328d54c4ded1cf2f0146a86a5",
        "type": "github"
      },
      "original": {
        "owner": "NixOS",
        "ref": "nixos-unstable",
        "repo": "nixpkgs",
        "type": "github"
      }
    },
    "pixiv": {
      "inputs": {
        "flake-utils": [
          "flake-utils"
        ],
        "nixpkgs": [
          "nixpkgs"
        ]
      },
      "locked": {
        "lastModified": 1658777580,
        "narHash": "sha256-+M/5VoK7hvyE65pYbZ3FvLQE3bHDaw7cHmk5pkMhGxI=",
        "owner": "The-closed-eye-of-love",
        "repo": "pixiv",
        "rev": "3f36fefe8724c830153fcb00a8cea7fad3662e8f",
        "type": "github"
      },
      "original": {
        "owner": "The-closed-eye-of-love",
        "repo": "pixiv",
        "type": "github"
      }
    },
    "root": {
      "inputs": {
        "flake-utils": "flake-utils",
        "nixpkgs": "nixpkgs",
        "pixiv": "pixiv"
      }
    }
  },
  "root": "root",
  "version": 7
}
